<?xml version="1.0" encoding="utf-8"?>
<Project ToolsVersion="4.0" xmlns="http://schemas.microsoft.com/developer/msbuild/2003">
  <ItemGroup>
    <Filter Include="Serv_Personnage">
      <UniqueIdentifier>{3e208bd1-6d58-4fc2-a205-f446fb0f2742}</UniqueIdentifier>
    </Filter>
    <Filter Include="Serv_Item">
      <UniqueIdentifier>{aaf6ee63-86b2-4edb-90d6-baf4836cb774}</UniqueIdentifier>
    </Filter>
    <Filter Include="Gestion">
      <UniqueIdentifier>{de02e531-4809-4bfb-ab3b-618d0c247fb8}</UniqueIdentifier>
    </Filter>
    <Filter Include="Gestion\Source">
      <UniqueIdentifier>{65f843cf-05e9-43b3-8e35-929182ac3c29}</UniqueIdentifier>
    </Filter>
    <Filter Include="Serv_Item\Source">
      <UniqueIdentifier>{84ef151c-79f1-4c55-bf30-0f4641b59ace}</UniqueIdentifier>
    </Filter>
    <Filter Include="Serv_Personnage\Source">
      <UniqueIdentifier>{75477199-f188-4986-b3dd-8e20fb487ab4}</UniqueIdentifier>
    </Filter>
    <Filter Include="Réseau">
      <UniqueIdentifier>{218804fa-5482-47b0-8ace-ce327332d7db}</UniqueIdentifier>
    </Filter>
    <Filter Include="Réseau\Source">
      <UniqueIdentifier>{57e7ed37-3fb6-4373-8132-e00750e97f9e}</UniqueIdentifier>
    </Filter>
    <Filter Include="Réseau\Include">
      <UniqueIdentifier>{a03b8f9e-6ab4-4f41-9f1e-282d77b87528}</UniqueIdentifier>
    </Filter>
    <Filter Include="Gestion\Include">
      <UniqueIdentifier>{3b5d79b6-aea5-4eaa-99ef-4a5a16ca4105}</UniqueIdentifier>
    </Filter>
    <Filter Include="Serv_Item\Include">
      <UniqueIdentifier>{70d2237e-6ab0-49bc-97f5-a8a57533042c}</UniqueIdentifier>
    </Filter>
    <Filter Include="Serv_Personnage\Include">
      <UniqueIdentifier>{3b98a0bd-df83-45ab-a536-887633e4dd82}</UniqueIdentifier>
    </Filter>
  </ItemGroup>
  <ItemGroup>
    <ClCompile Include="Serveur_User\src\main.cpp" />
    <ClCompile Include="Serveur_User\src\CSU\ComServUser.cpp">
      <Filter>Réseau\Source</Filter>
    </ClCompile>
    <ClCompile Include="Serveur_User\src\Gestion\GestionBdd.cpp">
      <Filter>Gestion\Source</Filter>
    </ClCompile>
    <ClCompile Include="Serveur_User\src\Gestion\GestPersoGen.cpp">
      <Filter>Gestion\Source</Filter>
    </ClCompile>
    <ClCompile Include="Serveur_User\src\Gestion\ObjectFile.cpp">
      <Filter>Gestion\Source</Filter>
    </ClCompile>
    <ClCompile Include="Serveur_User\src\Gestion\PersoJson.cpp">
      <Filter>Gestion\Source</Filter>
    </ClCompile>
    <ClCompile Include="Serveur_User\src\Serv_Item\enchant.cpp">
      <Filter>Serv_Item\Source</Filter>
    </ClCompile>
    <ClCompile Include="Serveur_User\src\Serv_Item\item.cpp">
      <Filter>Serv_Item\Source</Filter>
    </ClCompile>
    <ClCompile Include="Serveur_User\src\Serv_Item\sac.cpp">
      <Filter>Serv_Item\Source</Filter>
    </ClCompile>
    <ClCompile Include="Serveur_User\src\Serv_Item\stuff.cpp">
      <Filter>Serv_Item\Source</Filter>
    </ClCompile>
    <ClCompile Include="Serveur_User\src\Serv_Personnage\perso.cpp">
      <Filter>Serv_Personnage\Source</Filter>
    </ClCompile>
    <ClCompile Include="Serveur_User\src\Serv_Personnage\Stat.cpp">
      <Filter>Serv_Personnage\Source</Filter>
    </ClCompile>
  </ItemGroup>
  <ItemGroup>
    <ClInclude Include="Serveur_User\include\CSU\ComServUser.h">
      <Filter>Réseau\Include</Filter>
    </ClInclude>
    <ClInclude Include="Serveur_User\include\Gestion\GestionBdd.h">
      <Filter>Gestion\Include</Filter>
    </ClInclude>
    <ClInclude Include="Serveur_User\include\Gestion\GestPersoGen.h">
      <Filter>Gestion\Include</Filter>
    </ClInclude>
    <ClInclude Include="Serveur_User\include\Gestion\ObjectFile.h">
      <Filter>Gestion\Include</Filter>
    </ClInclude>
    <ClInclude Include="Serveur_User\include\Gestion\PersoJson.h">
      <Filter>Gestion\Include</Filter>
    </ClInclude>
    <ClInclude Include="Serveur_User\include\Serv_Item\enchant.h">
      <Filter>Serv_Item\Include</Filter>
    </ClInclude>
    <ClInclude Include="Serveur_User\include\Serv_Item\item.h">
      <Filter>Serv_Item\Include</Filter>
    </ClInclude>
    <ClInclude Include="Serveur_User\include\Serv_Item\sac.h">
      <Filter>Serv_Item\Include</Filter>
    </ClInclude>
    <ClInclude Include="Serveur_User\include\Serv_Item\stuff.h">
      <Filter>Serv_Item\Include</Filter>
    </ClInclude>
    <ClInclude Include="Serveur_User\include\Serv_Personnage\perso.h">
      <Filter>Serv_Personnage\Include</Filter>
    </ClInclude>
    <ClInclude Include="Serveur_User\include\Serv_Personnage\Stat.h">
      <Filter>Serv_Personnage\Include</Filter>
    </ClInclude>
  </ItemGroup>
  <ItemGroup>
    <None Include="Serveur_User\include\Serv_Item\sac.inl">
      <Filter>Serv_Item\Include</Filter>
    </None>
    <None Include="Serveur_User\include\Serv_Personnage\perso.inl">
      <Filter>Serv_Personnage\Include</Filter>
    </None>
  </ItemGroup>
</Project>